
Microsoft Visual Studio Solution File, Format Version 12.00
# Visual Studio Version 17
VisualStudioVersion = 17.8.34511.84
MinimumVisualStudioVersion = 10.0.40219.1
Project("{E24C65DC-7377-472B-9ABA-BC803B73C61A}") = "NCCS Requisition Received", "NCCS Requisition Received\", "{4E15980E-1FE1-4602-8DCD-E643EFD6A2CE}"
	ProjectSection(WebsiteProperties) = preProject
		TargetFrameworkMoniker = ".NETFramework,Version%3Dv4.7.2"
		Debug.AspNetCompiler.VirtualPath = "/localhost_58745"
		Debug.AspNetCompiler.PhysicalPath = "NCCS Requisition Received\"
		Debug.AspNetCompiler.TargetPath = "PrecompiledWeb\localhost_58745\"
		Debug.AspNetCompiler.Updateable = "true"
		Debug.AspNetCompiler.ForceOverwrite = "true"
		Debug.AspNetCompiler.FixedNames = "false"
		Debug.AspNetCompiler.Debug = "True"
		Release.AspNetCompiler.VirtualPath = "/localhost_58745"
		Release.AspNetCompiler.PhysicalPath = "NCCS Requisition Received\"
		Release.AspNetCompiler.TargetPath = "PrecompiledWeb\localhost_58745\"
		Release.AspNetCompiler.Updateable = "true"
		Release.AspNetCompiler.ForceOverwrite = "true"
		Release.AspNetCompiler.FixedNames = "false"
		Release.AspNetCompiler.Debug = "False"
		VWDPort = "58745"
		SlnRelativePath = "NCCS Requisition Received\"
		DefaultWebSiteLanguage = "Visual C#"
	EndProjectSection
EndProject
Global


	GlobalSection(SolutionConfigurationPlatforms) = preSolution
		Debug|Any CPU = Debug|Any CPU
	EndGlobalSection
	GlobalSection(ProjectConfigurationPlatforms) = postSolution
		{4E15980E-1FE1-4602-8DCD-E643EFD6A2CE}.Debug|Any CPU.ActiveCfg = Debug|Any CPU
		{4E15980E-1FE1-4602-8DCD-E643EFD6A2CE}.Debug|Any CPU.Build.0 = Debug|Any CPU
	EndGlobalSection
	GlobalSection(SolutionProperties) = preSolution
		HideSolutionNode = FALSE
	EndGlobalSection
	GlobalSection(ExtensibilityGlobals) = postSolution
		SolutionGuid = {B1477B0E-50C2-4F71-A989-365FC2071D4B}
	EndGlobalSection
EndGlobal
